
Microsoft Visual Studio Solution File, Format Version 12.00
# Visual Studio Version 17
VisualStudioVersion = 17.0.31903.59
MinimumVisualStudioVersion = 10.0.40219.1
Project("{FAE04EC0-301F-11D3-BF4B-00C04F79EFBC}") = "PadelQ.Domain", "PadelQ.Domain\PadelQ.Domain.csproj", "{9AF82949-47C1-4601-9AB7-B8E0999F3B6A}"
EndProject
Project("{FAE04EC0-301F-11D3-BF4B-00C04F79EFBC}") = "PadelQ.Application", "PadelQ.Application\PadelQ.Application.csproj", "{47CF21F2-7F46-4AA5-B208-12088A9B20D0}"
EndProject
Project("{FAE04EC0-301F-11D3-BF4B-00C04F79EFBC}") = "PadelQ.Infrastructure", "PadelQ.Infrastructure\PadelQ.Infrastructure.csproj", "{0C9CC3FA-1745-4FD3-9B30-67FE90A40DDF}"
EndProject
Project("{FAE04EC0-301F-11D3-BF4B-00C04F79EFBC}") = "PadelQ.Api", "PadelQ.Api\PadelQ.Api.csproj", "{69BF15D2-7DA1-4149-83AD-07D401AD5896}"
EndProject
Global
	GlobalSection(SolutionConfigurationPlatforms) = preSolution
		Debug|Any CPU = Debug|Any CPU
		Debug|x64 = Debug|x64
		Debug|x86 = Debug|x86
		Release|Any CPU = Release|Any CPU
		Release|x64 = Release|x64
		Release|x86 = Release|x86
	EndGlobalSection
	GlobalSection(ProjectConfigurationPlatforms) = postSolution
		{9AF82949-47C1-4601-9AB7-B8E0999F3B6A}.Debug|Any CPU.ActiveCfg = Debug|Any CPU
		{9AF82949-47C1-4601-9AB7-B8E0999F3B6A}.Debug|Any CPU.Build.0 = Debug|Any CPU
		{9AF82949-47C1-4601-9AB7-B8E0999F3B6A}.Debug|x64.ActiveCfg = Debug|Any CPU
		{9AF82949-47C1-4601-9AB7-B8E0999F3B6A}.Debug|x64.Build.0 = Debug|Any CPU
		{9AF82949-47C1-4601-9AB7-B8E0999F3B6A}.Debug|x86.ActiveCfg = Debug|Any CPU
		{9AF82949-47C1-4601-9AB7-B8E0999F3B6A}.Debug|x86.Build.0 = Debug|Any CPU
		{9AF82949-47C1-4601-9AB7-B8E0999F3B6A}.Release|Any CPU.ActiveCfg = Release|Any CPU
		{9AF82949-47C1-4601-9AB7-B8E0999F3B6A}.Release|Any CPU.Build.0 = Release|Any CPU
		{9AF82949-47C1-4601-9AB7-B8E0999F3B6A}.Release|x64.ActiveCfg = Release|Any CPU
		{9AF82949-47C1-4601-9AB7-B8E0999F3B6A}.Release|x64.Build.0 = Release|Any CPU
		{9AF82949-47C1-4601-9AB7-B8E0999F3B6A}.Release|x86.ActiveCfg = Release|Any CPU
		{9AF82949-47C1-4601-9AB7-B8E0999F3B6A}.Release|x86.Build.0 = Release|Any CPU
		{47CF21F2-7F46-4AA5-B208-12088A9B20D0}.Debug|Any CPU.ActiveCfg = Debug|Any CPU
		{47CF21F2-7F46-4AA5-B208-12088A9B20D0}.Debug|Any CPU.Build.0 = Debug|Any CPU
		{47CF21F2-7F46-4AA5-B208-12088A9B20D0}.Debug|x64.ActiveCfg = Debug|Any CPU
		{47CF21F2-7F46-4AA5-B208-12088A9B20D0}.Debug|x64.Build.0 = Debug|Any CPU
		{47CF21F2-7F46-4AA5-B208-12088A9B20D0}.Debug|x86.ActiveCfg = Debug|Any CPU
		{47CF21F2-7F46-4AA5-B208-12088A9B20D0}.Debug|x86.Build.0 = Debug|Any CPU
		{47CF21F2-7F46-4AA5-B208-12088A9B20D0}.Release|Any CPU.ActiveCfg = Release|Any CPU
		{47CF21F2-7F46-4AA5-B208-12088A9B20D0}.Release|Any CPU.Build.0 = Release|Any CPU
		{47CF21F2-7F46-4AA5-B208-12088A9B20D0}.Release|x64.ActiveCfg = Release|Any CPU
		{47CF21F2-7F46-4AA5-B208-12088A9B20D0}.Release|x64.Build.0 = Release|Any CPU
		{47CF21F2-7F46-4AA5-B208-12088A9B20D0}.Release|x86.ActiveCfg = Release|Any CPU
		{47CF21F2-7F46-4AA5-B208-12088A9B20D0}.Release|x86.Build.0 = Release|Any CPU
		{0C9CC3FA-1745-4FD3-9B30-67FE90A40DDF}.Debug|Any CPU.ActiveCfg = Debug|Any CPU
		{0C9CC3FA-1745-4FD3-9B30-67FE90A40DDF}.Debug|Any CPU.Build.0 = Debug|Any CPU
		{0C9CC3FA-1745-4FD3-9B30-67FE90A40DDF}.Debug|x64.ActiveCfg = Debug|Any CPU
		{0C9CC3FA-1745-4FD3-9B30-67FE90A40DDF}.Debug|x64.Build.0 = Debug|Any CPU
		{0C9CC3FA-1745-4FD3-9B30-67FE90A40DDF}.Debug|x86.ActiveCfg = Debug|Any CPU
		{0C9CC3FA-1745-4FD3-9B30-67FE90A40DDF}.Debug|x86.Build.0 = Debug|Any CPU
		{0C9CC3FA-1745-4FD3-9B30-67FE90A40DDF}.Release|Any CPU.ActiveCfg = Release|Any CPU
		{0C9CC3FA-1745-4FD3-9B30-67FE90A40DDF}.Release|Any CPU.Build.0 = Release|Any CPU
		{0C9CC3FA-1745-4FD3-9B30-67FE90A40DDF}.Release|x64.ActiveCfg = Release|Any CPU
		{0C9CC3FA-1745-4FD3-9B30-67FE90A40DDF}.Release|x64.Build.0 = Release|Any CPU
		{0C9CC3FA-1745-4FD3-9B30-67FE90A40DDF}.Release|x86.ActiveCfg = Release|Any CPU
		{0C9CC3FA-1745-4FD3-9B30-67FE90A40DDF}.Release|x86.Build.0 = Release|Any CPU
		{69BF15D2-7DA1-4149-83AD-07D401AD5896}.Debug|Any CPU.ActiveCfg = Debug|Any CPU
		{69BF15D2-7DA1-4149-83AD-07D401AD5896}.Debug|Any CPU.Build.0 = Debug|Any CPU
		{69BF15D2-7DA1-4149-83AD-07D401AD5896}.Debug|x64.ActiveCfg = Debug|Any CPU
		{69BF15D2-7DA1-4149-83AD-07D401AD5896}.Debug|x64.Build.0 = Debug|Any CPU
		{69BF15D2-7DA1-4149-83AD-07D401AD5896}.Debug|x86.ActiveCfg = Debug|Any CPU
		{69BF15D2-7DA1-4149-83AD-07D401AD5896}.Debug|x86.Build.0 = Debug|Any CPU
		{69BF15D2-7DA1-4149-83AD-07D401AD5896}.Release|Any CPU.ActiveCfg = Release|Any CPU
		{69BF15D2-7DA1-4149-83AD-07D401AD5896}.Release|Any CPU.Build.0 = Release|Any CPU
		{69BF15D2-7DA1-4149-83AD-07D401AD5896}.Release|x64.ActiveCfg = Release|Any CPU
		{69BF15D2-7DA1-4149-83AD-07D401AD5896}.Release|x64.Build.0 = Release|Any CPU
		{69BF15D2-7DA1-4149-83AD-07D401AD5896}.Release|x86.ActiveCfg = Release|Any CPU
		{69BF15D2-7DA1-4149-83AD-07D401AD5896}.Release|x86.Build.0 = Release|Any CPU
	EndGlobalSection
	GlobalSection(SolutionProperties) = preSolution
		HideSolutionNode = FALSE
	EndGlobalSection
EndGlobal
